// !$*UTF8*$!
{
	archiveVersion = 1;
	classes = {
	};
	objectVersion = 50;
	objects = {

/* Begin PBXBuildFile section */
		7B3394232425E56600C0D5AD /* AppDelegate.swift in Sources */ = {isa = PBXBuildFile; fileRef = 7B3394222425E56600C0D5AD /* AppDelegate.swift */; };
		7B3394252425E56600C0D5AD /* GameScene.sks in Resources */ = {isa = PBXBuildFile; fileRef = 7B3394242425E56600C0D5AD /* GameScene.sks */; };
		7B3394292425E56600C0D5AD /* GameScene.swift in Sources */ = {isa = PBXBuildFile; fileRef = 7B3394282425E56600C0D5AD /* GameScene.swift */; };
		7B33942B2425E56600C0D5AD /* GameViewController.swift in Sources */ = {isa = PBXBuildFile; fileRef = 7B33942A2425E56600C0D5AD /* GameViewController.swift */; };
		7B33942E2425E56600C0D5AD /* Main.storyboard in Resources */ = {isa = PBXBuildFile; fileRef = 7B33942C2425E56600C0D5AD /* Main.storyboard */; };
		7B3394302425E56C00C0D5AD /* Assets.xcassets in Resources */ = {isa = PBXBuildFile; fileRef = 7B33942F2425E56C00C0D5AD /* Assets.xcassets */; };
		7B3394332425E56C00C0D5AD /* LaunchScreen.storyboard in Resources */ = {isa = PBXBuildFile; fileRef = 7B3394312425E56C00C0D5AD /* LaunchScreen.storyboard */; };
		7B33943C2425E5AB00C0D5AD /* explode.sks in Resources */ = {isa = PBXBuildFile; fileRef = 7B33943A2425E5AA00C0D5AD /* explode.sks */; };
		7B33943D2425E5AB00C0D5AD /* fuse.sks in Resources */ = {isa = PBXBuildFile; fileRef = 7B33943B2425E5AB00C0D5AD /* fuse.sks */; };
/* End PBXBuildFile section */

/* Begin PBXFileReference section */
		7B33941F2425E56600C0D5AD /* Project20 fireworks night.app */ = {isa = PBXFileReference; explicitFileType = wrapper.application; includeInIndex = 0; path = "Project20 fireworks night.app"; sourceTree = BUILT_PRODUCTS_DIR; };
		7B3394222425E56600C0D5AD /* AppDelegate.swift */ = {isa = PBXFileReference; lastKnownFileType = sourcecode.swift; path = AppDelegate.swift; sourceTree = "<group>"; };
		7B3394242425E56600C0D5AD /* GameScene.sks */ = {isa = PBXFileReference; lastKnownFileType = file.sks; path = GameScene.sks; sourceTree = "<group>"; };
		7B3394282425E56600C0D5AD /* GameScene.swift */ = {isa = PBXFileReference; lastKnownFileType = sourcecode.swift; path = GameScene.swift; sourceTree = "<group>"; };
		7B33942A2425E56600C0D5AD /* GameViewController.swift */ = {isa = PBXFileReference; lastKnownFileType = sourcecode.swift; path = GameViewController.swift; sourceTree = "<group>"; };
		7B33942D2425E56600C0D5AD /* Base */ = {isa = PBXFileReference; lastKnownFileType = file.storyboard; name = Base; path = Base.lproj/Main.storyboard; sourceTree = "<group>"; };
		7B33942F2425E56C00C0D5AD /* Assets.xcassets */ = {isa = PBXFileReference; lastKnownFileType = folder.assetcatalog; path = Assets.xcassets; sourceTree = "<group>"; };
		7B3394322425E56C00C0D5AD /* Base */ = {isa = PBXFileReference; lastKnownFileType = file.storyboard; name = Base; path = Base.lproj/LaunchScreen.storyboard; sourceTree = "<group>"; };
		7B3394342425E56C00C0D5AD /* Info.plist */ = {isa = PBXFileReference; lastKnownFileType = text.plist.xml; path = Info.plist; sourceTree = "<group>"; };
		7B33943A2425E5AA00C0D5AD /* explode.sks */ = {isa = PBXFileReference; lastKnownFileType = file.sks; path = explode.sks; sourceTree = "<group>"; };
		7B33943B2425E5AB00C0D5AD /* fuse.sks */ = {isa = PBXFileReference; lastKnownFileType = file.sks; path = fuse.sks; sourceTree = "<group>"; };
/* End PBXFileReference section */

/* Begin PBXFrameworksBuildPhase section */
		7B33941C2425E56600C0D5AD /* Frameworks */ = {
			isa = PBXFrameworksBuildPhase;
			buildActionMask = 2147483647;
			files = (
			);
			runOnlyForDeploymentPostprocessing = 0;
		};
/* End PBXFrameworksBuildPhase section */

/* Begin PBXGroup section */
		7B3394162425E56600C0D5AD = {
			isa = PBXGroup;
			children = (
				7B3394212425E56600C0D5AD /* Project20 fireworks night */,
				7B3394202425E56600C0D5AD /* Products */,
			);
			sourceTree = "<group>";
		};
		7B3394202425E56600C0D5AD /* Products */ = {
			isa = PBXGroup;
			children = (
				7B33941F2425E56600C0D5AD /* Project20 fireworks night.app */,
			);
			name = Products;
			sourceTree = "<group>";
		};
		7B3394212425E56600C0D5AD /* Project20 fireworks night */ = {
			isa = PBXGroup;
			children = (
				7B3394222425E56600C0D5AD /* AppDelegate.swift */,
				7B3394242425E56600C0D5AD /* GameScene.sks */,
				7B3394282425E56600C0D5AD /* GameScene.swift */,
				7B33942A2425E56600C0D5AD /* GameViewController.swift */,
				7B33942C2425E56600C0D5AD /* Main.storyboard */,
				7B33942F2425E56C00C0D5AD /* Assets.xcassets */,
				7B3394312425E56C00C0D5AD /* LaunchScreen.storyboard */,
				7B3394342425E56C00C0D5AD /* Info.plist */,
				7B33943A2425E5AA00C0D5AD /* explode.sks */,
				7B33943B2425E5AB00C0D5AD /* fuse.sks */,
			);
			path = "Project20 fireworks night";
			sourceTree = "<group>";
		};
/* End PBXGroup section */

/* Begin PBXNativeTarget section */
		7B33941E2425E56600C0D5AD /* Project20 fireworks night */ = {
			isa = PBXNativeTarget;
			buildConfigurationList = 7B3394372425E56C00C0D5AD /* Build configuration list for PBXNativeTarget "Project20 fireworks night" */;
			buildPhases = (
				7B33941B2425E56600C0D5AD /* Sources */,
				7B33941C2425E56600C0D5AD /* Frameworks */,
				7B33941D2425E56600C0D5AD /* Resources */,
			);
			buildRules = (
			);
			dependencies = (
			);
			name = "Project20 fireworks night";
			productName = "Project20 fireworks night";
			productReference = 7B33941F2425E56600C0D5AD /* Project20 fireworks night.app */;
			productType = "com.apple.product-type.application";
		};
/* End PBXNativeTarget section */

/* Begin PBXProject section */
		7B3394172425E56600C0D5AD /* Project object */ = {
			isa = PBXProject;
			attributes = {
				LastSwiftUpdateCheck = 1130;
				LastUpgradeCheck = 1130;
				ORGANIZATIONNAME = "Анастасия Стрекалова";
				TargetAttributes = {
					7B33941E2425E56600C0D5AD = {
						CreatedOnToolsVersion = 11.3.1;
					};
				};
			};
			buildConfigurationList = 7B33941A2425E56600C0D5AD /* Build configuration list for PBXProject "Project20 fireworks night" */;
			compatibilityVersion = "Xcode 9.3";
			developmentRegion = en;
			hasScannedForEncodings = 0;
			knownRegions = (
				en,
				Base,
			);
			mainGroup = 7B3394162425E56600C0D5AD;
			productRefGroup = 7B3394202425E56600C0D5AD /* Products */;
			projectDirPath = "";
			projectRoot = "";
			targets = (
				7B33941E2425E56600C0D5AD /* Project20 fireworks night */,
			);
		};
/* End PBXProject section */

/* Begin PBXResourcesBuildPhase section */
		7B33941D2425E56600C0D5AD /* Resources */ = {
			isa = PBXResourcesBuildPhase;
			buildActionMask = 2147483647;
			files = (
				7B33942E2425E56600C0D5AD /* Main.storyboard in Resources */,
				7B3394252425E56600C0D5AD /* GameScene.sks in Resources */,
				7B3394302425E56C00C0D5AD /* Assets.xcassets in Resources */,
				7B3394332425E56C00C0D5AD /* LaunchScreen.storyboard in Resources */,
				7B33943D2425E5AB00C0D5AD /* fuse.sks in Resources */,
				7B33943C2425E5AB00C0D5AD /* explode.sks in Resources */,
			);
			runOnlyForDeploymentPostprocessing = 0;
		};
/* End PBXResourcesBuildPhase section */

/* Begin PBXSourcesBuildPhase section */
		7B33941B2425E56600C0D5AD /* Sources */ = {
			isa = PBXSourcesBuildPhase;
			buildActionMask = 2147483647;
			files = (
				7B3394292425E56600C0D5AD /* GameScene.swift in Sources */,
				7B33942B2425E56600C0D5AD /* GameViewController.swift in Sources */,
				7B3394232425E56600C0D5AD /* AppDelegate.swift in Sources */,
			);
			runOnlyForDeploymentPostprocessing = 0;
		};
/* End PBXSourcesBuildPhase section */

/* Begin PBXVariantGroup section */
		7B33942C2425E56600C0D5AD /* Main.storyboard */ = {
			isa = PBXVariantGroup;
			children = (
				7B33942D2425E56600C0D5AD /* Base */,
			);
			name = Main.storyboard;
			sourceTree = "<group>";
		};
		7B3394312425E56C00C0D5AD /* LaunchScreen.storyboard */ = {
			isa = PBXVariantGroup;
			children = (
				7B3394322425E56C00C0D5AD /* Base */,
			);
			name = LaunchScreen.storyboard;
			sourceTree = "<group>";
		};
/* End PBXVariantGroup section */

/* Begin XCBuildConfiguration section */
		7B3394352425E56C00C0D5AD /* Debug */ = {
			isa = XCBuildConfiguration;
			buildSettings = {
				ALWAYS_SEARCH_USER_PATHS = NO;
				CLANG_ANALYZER_NONNULL = YES;
				CLANG_ANALYZER_NUMBER_OBJECT_CONVERSION = YES_AGGRESSIVE;
				CLANG_CXX_LANGUAGE_STANDARD = "gnu++14";
				CLANG_CXX_LIBRARY = "libc++";
				CLANG_ENABLE_MODULES = YES;
				CLANG_ENABLE_OBJC_ARC = YES;
				CLANG_ENABLE_OBJC_WEAK = YES;
				CLANG_WARN_BLOCK_CAPTURE_AUTORELEASING = YES;
				CLANG_WARN_BOOL_CONVERSION = YES;
				CLANG_WARN_COMMA = YES;
				CLANG_WARN_CONSTANT_CONVERSION = YES;
				CLANG_WARN_DEPRECATED_OBJC_IMPLEMENTATIONS = YES;
				CLANG_WARN_DIRECT_OBJC_ISA_USAGE = YES_ERROR;
				CLANG_WARN_DOCUMENTATION_COMMENTS = YES;
				CLANG_WARN_EMPTY_BODY = YES;
				CLANG_WARN_ENUM_CONVERSION = YES;
				CLANG_WARN_INFINITE_RECURSION = YES;
				CLANG_WARN_INT_CONVERSION = YES;
				CLANG_WARN_NON_LITERAL_NULL_CONVERSION = YES;
				CLANG_WARN_OBJC_IMPLICIT_RETAIN_SELF = YES;
				CLANG_WARN_OBJC_LITERAL_CONVERSION = YES;
				CLANG_WARN_OBJC_ROOT_CLASS = YES_ERROR;
				CLANG_WARN_RANGE_LOOP_ANALYSIS = YES;
				CLANG_WARN_STRICT_PROTOTYPES = YES;
				CLANG_WARN_SUSPICIOUS_MOVE = YES;
				CLANG_WARN_UNGUARDED_AVAILABILITY = YES_AGGRESSIVE;
				CLANG_WARN_UNREACHABLE_CODE = YES;
				CLANG_WARN__DUPLICATE_METHOD_MATCH = YES;
				COPY_PHASE_STRIP = NO;
				DEBUG_INFORMATION_FORMAT = dwarf;
				ENABLE_STRICT_OBJC_MSGSEND = YES;
				ENABLE_TESTABILITY = YES;
				GCC_C_LANGUAGE_STANDARD = gnu11;
				GCC_DYNAMIC_NO_PIC = NO;
				GCC_NO_COMMON_BLOCKS = YES;
				GCC_OPTIMIZATION_LEVEL = 0;
				GCC_PREPROCESSOR_DEFINITIONS = (
					"DEBUG=1",
					"$(inherited)",
				);
				GCC_WARN_64_TO_32_BIT_CONVERSION = YES;
				GCC_WARN_ABOUT_RETURN_TYPE = YES_ERROR;
				GCC_WARN_UNDECLARED_SELECTOR = YES;
				GCC_WARN_UNINITIALIZED_AUTOS = YES_AGGRESSIVE;
				GCC_WARN_UNUSED_FUNCTION = YES;
				GCC_WARN_UNUSED_VARIABLE = YES;
				IPHONEOS_DEPLOYMENT_TARGET = 13.2;
				MTL_ENABLE_DEBUG_INFO = INCLUDE_SOURCE;
				MTL_FAST_MATH = YES;
				ONLY_ACTIVE_ARCH = YES;
				SDKROOT = iphoneos;
				SWIFT_ACTIVE_COMPILATION_CONDITIONS = DEBUG;
				SWIFT_OPTIMIZATION_LEVEL = "-Onone";
			};
			name = Debug;
		};
		7B3394362425E56C00C0D5AD /* Release */ = {
			isa = XCBuildConfiguration;
			buildSettings = {
				ALWAYS_SEARCH_USER_PATHS = NO;
				CLANG_ANALYZER_NONNULL = YES;
				CLANG_ANALYZER_NUMBER_OBJECT_CONVERSION = YES_AGGRESSIVE;
				CLANG_CXX_LANGUAGE_STANDARD = "gnu++14";
				CLANG_CXX_LIBRARY = "libc++";
				CLANG_ENABLE_MODULES = YES;
				CLANG_ENABLE_OBJC_ARC = YES;
				CLANG_ENABLE_OBJC_WEAK = YES;
				CLANG_WARN_BLOCK_CAPTURE_AUTORELEASING = YES;
				CLANG_WARN_BOOL_CONVERSION = YES;
				CLANG_WARN_COMMA = YES;
				CLANG_WARN_CONSTANT_CONVERSION = YES;
				CLANG_WARN_DEPRECATED_OBJC_IMPLEMENTATIONS = YES;
				CLANG_WARN_DIRECT_OBJC_ISA_USAGE = YES_ERROR;
				CLANG_WARN_DOCUMENTATION_COMMENTS = YES;
				CLANG_WARN_EMPTY_BODY = YES;
				CLANG_WARN_ENUM_CONVERSION = YES;
				CLANG_WARN_INFINITE_RECURSION = YES;
				CLANG_WARN_INT_CONVERSION = YES;
				CLANG_WARN_NON_LITERAL_NULL_CONVERSION = YES;
				CLANG_WARN_OBJC_IMPLICIT_RETAIN_SELF = YES;
				CLANG_WARN_OBJC_LITERAL_CONVERSION = YES;
				CLANG_WARN_OBJC_ROOT_CLASS = YES_ERROR;
				CLANG_WARN_RANGE_LOOP_ANALYSIS = YES;
				CLANG_WARN_STRICT_PROTOTYPES = YES;
				CLANG_WARN_SUSPICIOUS_MOVE = YES;
				CLANG_WARN_UNGUARDED_AVAILABILITY = YES_AGGRESSIVE;
				CLANG_WARN_UNREACHABLE_CODE = YES;
				CLANG_WARN__DUPLICATE_METHOD_MATCH = YES;
				COPY_PHASE_STRIP = NO;
				DEBUG_INFORMATION_FORMAT = "dwarf-with-dsym";
				ENABLE_NS_ASSERTIONS = NO;
				ENABLE_STRICT_OBJC_MSGSEND = YES;
				GCC_C_LANGUAGE_STANDARD = gnu11;
				GCC_NO_COMMON_BLOCKS = YES;
				GCC_WARN_64_TO_32_BIT_CONVERSION = YES;
				GCC_WARN_ABOUT_RETURN_TYPE = YES_ERROR;
				GCC_WARN_UNDECLARED_SELECTOR = YES;
				GCC_WARN_UNINITIALIZED_AUTOS = YES_AGGRESSIVE;
				GCC_WARN_UNUSED_FUNCTION = YES;
				GCC_WARN_UNUSED_VARIABLE = YES;
				IPHONEOS_DEPLOYMENT_TARGET = 13.2;
				MTL_ENABLE_DEBUG_INFO = NO;
				MTL_FAST_MATH = YES;
				SDKROOT = iphoneos;
				SWIFT_COMPILATION_MODE = wholemodule;
				SWIFT_OPTIMIZATION_LEVEL = "-O";
				VALIDATE_PRODUCT = YES;
			};
			name = Release;
		};
		7B3394382425E56C00C0D5AD /* Debug */ = {
			isa = XCBuildConfiguration;
			buildSettings = {
				ASSETCATALOG_COMPILER_APPICON_NAME = AppIcon;
				CODE_SIGN_STYLE = Automatic;
				DEVELOPMENT_TEAM = UFQPDAKA5S;
				INFOPLIST_FILE = "Project20 fireworks night/Info.plist";
				LD_RUNPATH_SEARCH_PATHS = (
					"$(inherited)",
					"@executable_path/Frameworks",
				);
				PRODUCT_BUNDLE_IDENTIFIER = "com.yourcompany.Project20-fireworks-night";
				PRODUCT_NAME = "$(TARGET_NAME)";
				SWIFT_VERSION = 5.0;
				TARGETED_DEVICE_FAMILY = 2;
			};
			name = Debug;
		};
		7B3394392425E56C00C0D5AD /* Release */ = {
			isa = XCBuildConfiguration;
			buildSettings = {
				ASSETCATALOG_COMPILER_APPICON_NAME = AppIcon;
				CODE_SIGN_STYLE = Automatic;
				DEVELOPMENT_TEAM = UFQPDAKA5S;
				INFOPLIST_FILE = "Project20 fireworks night/Info.plist";
				LD_RUNPATH_SEARCH_PATHS = (
					"$(inherited)",
					"@executable_path/Frameworks",
				);
				PRODUCT_BUNDLE_IDENTIFIER = "com.yourcompany.Project20-fireworks-night";
				PRODUCT_NAME = "$(TARGET_NAME)";
				SWIFT_VERSION = 5.0;
				TARGETED_DEVICE_FAMILY = 2;
			};
			name = Release;
		};
/* End XCBuildConfiguration section */

/* Begin XCConfigurationList section */
		7B33941A2425E56600C0D5AD /* Build configuration list for PBXProject "Project20 fireworks night" */ = {
			isa = XCConfigurationList;
			buildConfigurations = (
				7B3394352425E56C00C0D5AD /* Debug */,
				7B3394362425E56C00C0D5AD /* Release */,
			);
			defaultConfigurationIsVisible = 0;
			defaultConfigurationName = Release;
		};
		7B3394372425E56C00C0D5AD /* Build configuration list for PBXNativeTarget "Project20 fireworks night" */ = {
			isa = XCConfigurationList;
			buildConfigurations = (
				7B3394382425E56C00C0D5AD /* Debug */,
				7B3394392425E56C00C0D5AD /* Release */,
			);
			defaultConfigurationIsVisible = 0;
			defaultConfigurationName = Release;
		};
/* End XCConfigurationList section */
	};
	rootObject = 7B3394172425E56600C0D5AD /* Project object */;
}
